// !$*UTF8*$!
{
	archiveVersion = 1;
	classes = {
	};
	objectVersion = 46;
	objects = {

/* Begin PBXBuildFile section */
		A73A44041A890DBA00728E3A /* Rss.m in Sources */ = {isa = PBXBuildFile; fileRef = A73A44031A890DBA00728E3A /* Rss.m */; };
		A73A44071A890DF300728E3A /* Source.m in Sources */ = {isa = PBXBuildFile; fileRef = A73A44061A890DF300728E3A /* Source.m */; };
		A73A440B1A890EF000728E3A /* RssReader.m in Sources */ = {isa = PBXBuildFile; fileRef = A73A440A1A890EF000728E3A /* RssReader.m */; };
		A73A440E1A89135F00728E3A /* RssReaderTests.m in Sources */ = {isa = PBXBuildFile; fileRef = A73A440D1A89135F00728E3A /* RssReaderTests.m */; };
		B2F188DC1A7EBCA1007DECDE /* main.m in Sources */ = {isa = PBXBuildFile; fileRef = B2F188DB1A7EBCA1007DECDE /* main.m */; };
		B2F188DF1A7EBCA1007DECDE /* AppDelegate.m in Sources */ = {isa = PBXBuildFile; fileRef = B2F188DE1A7EBCA1007DECDE /* AppDelegate.m */; };
		B2F188E21A7EBCA1007DECDE /* FeedsViewController.m in Sources */ = {isa = PBXBuildFile; fileRef = B2F188E11A7EBCA1007DECDE /* FeedsViewController.m */; };
		B2F188E51A7EBCA1007DECDE /* FavoritesViewController.m in Sources */ = {isa = PBXBuildFile; fileRef = B2F188E41A7EBCA1007DECDE /* FavoritesViewController.m */; };
		B2F188E81A7EBCA1007DECDE /* Main.storyboard in Resources */ = {isa = PBXBuildFile; fileRef = B2F188E61A7EBCA1007DECDE /* Main.storyboard */; };
		B2F188EA1A7EBCA1007DECDE /* Images.xcassets in Resources */ = {isa = PBXBuildFile; fileRef = B2F188E91A7EBCA1007DECDE /* Images.xcassets */; };
		B2F188ED1A7EBCA1007DECDE /* LaunchScreen.xib in Resources */ = {isa = PBXBuildFile; fileRef = B2F188EB1A7EBCA1007DECDE /* LaunchScreen.xib */; };
		B2F188F91A7EBCA1007DECDE /* RSSFeedTests.m in Sources */ = {isa = PBXBuildFile; fileRef = B2F188F81A7EBCA1007DECDE /* RSSFeedTests.m */; };
		B2F1890F1A7EC457007DECDE /* SourcesViewController.m in Sources */ = {isa = PBXBuildFile; fileRef = B2F1890E1A7EC457007DECDE /* SourcesViewController.m */; };
		B2F189121A7EC464007DECDE /* AboutViewController.m in Sources */ = {isa = PBXBuildFile; fileRef = B2F189111A7EC464007DECDE /* AboutViewController.m */; };
/* End PBXBuildFile section */

/* Begin PBXContainerItemProxy section */
		B2F188F31A7EBCA1007DECDE /* PBXContainerItemProxy */ = {
			isa = PBXContainerItemProxy;
			containerPortal = B2F188CE1A7EBCA1007DECDE /* Project object */;
			proxyType = 1;
			remoteGlobalIDString = B2F188D51A7EBCA1007DECDE;
			remoteInfo = RSSFeed;
		};
/* End PBXContainerItemProxy section */

/* Begin PBXFileReference section */
		A73A44021A890DBA00728E3A /* Rss.h */ = {isa = PBXFileReference; fileEncoding = 4; lastKnownFileType = sourcecode.c.h; name = Rss.h; path = Models/Rss.h; sourceTree = "<group>"; };
		A73A44031A890DBA00728E3A /* Rss.m */ = {isa = PBXFileReference; fileEncoding = 4; lastKnownFileType = sourcecode.c.objc; name = Rss.m; path = Models/Rss.m; sourceTree = "<group>"; };
		A73A44051A890DF300728E3A /* Source.h */ = {isa = PBXFileReference; fileEncoding = 4; lastKnownFileType = sourcecode.c.h; name = Source.h; path = Models/Source.h; sourceTree = "<group>"; };
		A73A44061A890DF300728E3A /* Source.m */ = {isa = PBXFileReference; fileEncoding = 4; lastKnownFileType = sourcecode.c.objc; name = Source.m; path = Models/Source.m; sourceTree = "<group>"; };
		A73A44091A890EF000728E3A /* RssReader.h */ = {isa = PBXFileReference; fileEncoding = 4; lastKnownFileType = sourcecode.c.h; name = RssReader.h; path = ServiceAgents/RssReader.h; sourceTree = "<group>"; };
		A73A440A1A890EF000728E3A /* RssReader.m */ = {isa = PBXFileReference; fileEncoding = 4; lastKnownFileType = sourcecode.c.objc; name = RssReader.m; path = ServiceAgents/RssReader.m; sourceTree = "<group>"; };
		A73A440D1A89135F00728E3A /* RssReaderTests.m */ = {isa = PBXFileReference; fileEncoding = 4; lastKnownFileType = sourcecode.c.objc; name = RssReaderTests.m; path = ServiceAgents/RssReaderTests.m; sourceTree = "<group>"; };
		B2F188D61A7EBCA1007DECDE /* RSSFeed.app */ = {isa = PBXFileReference; explicitFileType = wrapper.application; includeInIndex = 0; path = RSSFeed.app; sourceTree = BUILT_PRODUCTS_DIR; };
		B2F188DA1A7EBCA1007DECDE /* Info.plist */ = {isa = PBXFileReference; lastKnownFileType = text.plist.xml; path = Info.plist; sourceTree = "<group>"; };
		B2F188DB1A7EBCA1007DECDE /* main.m */ = {isa = PBXFileReference; lastKnownFileType = sourcecode.c.objc; path = main.m; sourceTree = "<group>"; };
		B2F188DD1A7EBCA1007DECDE /* AppDelegate.h */ = {isa = PBXFileReference; lastKnownFileType = sourcecode.c.h; path = AppDelegate.h; sourceTree = "<group>"; };
		B2F188DE1A7EBCA1007DECDE /* AppDelegate.m */ = {isa = PBXFileReference; lastKnownFileType = sourcecode.c.objc; path = AppDelegate.m; sourceTree = "<group>"; };
		B2F188E01A7EBCA1007DECDE /* FeedsViewController.h */ = {isa = PBXFileReference; lastKnownFileType = sourcecode.c.h; path = FeedsViewController.h; sourceTree = "<group>"; };
		B2F188E11A7EBCA1007DECDE /* FeedsViewController.m */ = {isa = PBXFileReference; lastKnownFileType = sourcecode.c.objc; path = FeedsViewController.m; sourceTree = "<group>"; };
		B2F188E31A7EBCA1007DECDE /* FavoritesViewController.h */ = {isa = PBXFileReference; lastKnownFileType = sourcecode.c.h; path = FavoritesViewController.h; sourceTree = "<group>"; };
		B2F188E41A7EBCA1007DECDE /* FavoritesViewController.m */ = {isa = PBXFileReference; lastKnownFileType = sourcecode.c.objc; path = FavoritesViewController.m; sourceTree = "<group>"; };
		B2F188E71A7EBCA1007DECDE /* Base */ = {isa = PBXFileReference; lastKnownFileType = file.storyboard; name = Base; path = Base.lproj/Main.storyboard; sourceTree = "<group>"; };
		B2F188E91A7EBCA1007DECDE /* Images.xcassets */ = {isa = PBXFileReference; lastKnownFileType = folder.assetcatalog; path = Images.xcassets; sourceTree = "<group>"; };
		B2F188EC1A7EBCA1007DECDE /* Base */ = {isa = PBXFileReference; lastKnownFileType = file.xib; name = Base; path = Base.lproj/LaunchScreen.xib; sourceTree = "<group>"; };
		B2F188F21A7EBCA1007DECDE /* RSSFeedTests.xctest */ = {isa = PBXFileReference; explicitFileType = wrapper.cfbundle; includeInIndex = 0; path = RSSFeedTests.xctest; sourceTree = BUILT_PRODUCTS_DIR; };
		B2F188F71A7EBCA1007DECDE /* Info.plist */ = {isa = PBXFileReference; lastKnownFileType = text.plist.xml; path = Info.plist; sourceTree = "<group>"; };
		B2F188F81A7EBCA1007DECDE /* RSSFeedTests.m */ = {isa = PBXFileReference; lastKnownFileType = sourcecode.c.objc; path = RSSFeedTests.m; sourceTree = "<group>"; };
		B2F1890D1A7EC457007DECDE /* SourcesViewController.h */ = {isa = PBXFileReference; fileEncoding = 4; lastKnownFileType = sourcecode.c.h; path = SourcesViewController.h; sourceTree = "<group>"; };
		B2F1890E1A7EC457007DECDE /* SourcesViewController.m */ = {isa = PBXFileReference; fileEncoding = 4; lastKnownFileType = sourcecode.c.objc; path = SourcesViewController.m; sourceTree = "<group>"; };
		B2F189101A7EC464007DECDE /* AboutViewController.h */ = {isa = PBXFileReference; fileEncoding = 4; lastKnownFileType = sourcecode.c.h; path = AboutViewController.h; sourceTree = "<group>"; };
		B2F189111A7EC464007DECDE /* AboutViewController.m */ = {isa = PBXFileReference; fileEncoding = 4; lastKnownFileType = sourcecode.c.objc; path = AboutViewController.m; sourceTree = "<group>"; };
/* End PBXFileReference section */

/* Begin PBXFrameworksBuildPhase section */
		B2F188D31A7EBCA1007DECDE /* Frameworks */ = {
			isa = PBXFrameworksBuildPhase;
			buildActionMask = 2147483647;
			files = (
			);
			runOnlyForDeploymentPostprocessing = 0;
		};
		B2F188EF1A7EBCA1007DECDE /* Frameworks */ = {
			isa = PBXFrameworksBuildPhase;
			buildActionMask = 2147483647;
			files = (
			);
			runOnlyForDeploymentPostprocessing = 0;
		};
/* End PBXFrameworksBuildPhase section */

/* Begin PBXGroup section */
		A73A44011A890D8B00728E3A /* Models */ = {
			isa = PBXGroup;
			children = (
				A73A44021A890DBA00728E3A /* Rss.h */,
				A73A44031A890DBA00728E3A /* Rss.m */,
				A73A44051A890DF300728E3A /* Source.h */,
				A73A44061A890DF300728E3A /* Source.m */,
			);
			name = Models;
			sourceTree = "<group>";
		};
		A73A44081A890ED200728E3A /* ServiceAgents */ = {
			isa = PBXGroup;
			children = (
				A73A44091A890EF000728E3A /* RssReader.h */,
				A73A440A1A890EF000728E3A /* RssReader.m */,
			);
			name = ServiceAgents;
			sourceTree = "<group>";
		};
		A73A440C1A89133300728E3A /* ServiceAgents */ = {
			isa = PBXGroup;
			children = (
				A73A440D1A89135F00728E3A /* RssReaderTests.m */,
			);
			name = ServiceAgents;
			sourceTree = "<group>";
		};
		B2F188CD1A7EBCA1007DECDE = {
			isa = PBXGroup;
			children = (
				B2F188D81A7EBCA1007DECDE /* RSSFeed */,
				B2F188F51A7EBCA1007DECDE /* RSSFeedTests */,
				B2F188D71A7EBCA1007DECDE /* Products */,
			);
			sourceTree = "<group>";
		};
		B2F188D71A7EBCA1007DECDE /* Products */ = {
			isa = PBXGroup;
			children = (
				B2F188D61A7EBCA1007DECDE /* RSSFeed.app */,
				B2F188F21A7EBCA1007DECDE /* RSSFeedTests.xctest */,
			);
			name = Products;
			sourceTree = "<group>";
		};
		B2F188D81A7EBCA1007DECDE /* RSSFeed */ = {
			isa = PBXGroup;
			children = (
				A73A44081A890ED200728E3A /* ServiceAgents */,
				A73A44011A890D8B00728E3A /* Models */,
				B2F188DD1A7EBCA1007DECDE /* AppDelegate.h */,
				B2F188DE1A7EBCA1007DECDE /* AppDelegate.m */,
				B2F188E01A7EBCA1007DECDE /* FeedsViewController.h */,
				B2F188E11A7EBCA1007DECDE /* FeedsViewController.m */,
				B2F188E31A7EBCA1007DECDE /* FavoritesViewController.h */,
				B2F188E41A7EBCA1007DECDE /* FavoritesViewController.m */,
				B2F188E61A7EBCA1007DECDE /* Main.storyboard */,
				B2F188E91A7EBCA1007DECDE /* Images.xcassets */,
				B2F188EB1A7EBCA1007DECDE /* LaunchScreen.xib */,
				B2F188D91A7EBCA1007DECDE /* Supporting Files */,
				B2F1890D1A7EC457007DECDE /* SourcesViewController.h */,
				B2F1890E1A7EC457007DECDE /* SourcesViewController.m */,
				B2F189101A7EC464007DECDE /* AboutViewController.h */,
				B2F189111A7EC464007DECDE /* AboutViewController.m */,
			);
			path = RSSFeed;
			sourceTree = "<group>";
		};
		B2F188D91A7EBCA1007DECDE /* Supporting Files */ = {
			isa = PBXGroup;
			children = (
				B2F188DA1A7EBCA1007DECDE /* Info.plist */,
				B2F188DB1A7EBCA1007DECDE /* main.m */,
			);
			name = "Supporting Files";
			sourceTree = "<group>";
		};
		B2F188F51A7EBCA1007DECDE /* RSSFeedTests */ = {
			isa = PBXGroup;
			children = (
				A73A440C1A89133300728E3A /* ServiceAgents */,
				B2F188F81A7EBCA1007DECDE /* RSSFeedTests.m */,
				B2F188F61A7EBCA1007DECDE /* Supporting Files */,
			);
			path = RSSFeedTests;
			sourceTree = "<group>";
		};
		B2F188F61A7EBCA1007DECDE /* Supporting Files */ = {
			isa = PBXGroup;
			children = (
				B2F188F71A7EBCA1007DECDE /* Info.plist */,
			);
			name = "Supporting Files";
			sourceTree = "<group>";
		};
/* End PBXGroup section */

/* Begin PBXNativeTarget section */
		B2F188D51A7EBCA1007DECDE /* RSSFeed */ = {
			isa = PBXNativeTarget;
			buildConfigurationList = B2F188FC1A7EBCA1007DECDE /* Build configuration list for PBXNativeTarget "RSSFeed" */;
			buildPhases = (
				B2F188D21A7EBCA1007DECDE /* Sources */,
				B2F188D31A7EBCA1007DECDE /* Frameworks */,
				B2F188D41A7EBCA1007DECDE /* Resources */,
			);
			buildRules = (
			);
			dependencies = (
			);
			name = RSSFeed;
			productName = RSSFeed;
			productReference = B2F188D61A7EBCA1007DECDE /* RSSFeed.app */;
			productType = "com.apple.product-type.application";
		};
		B2F188F11A7EBCA1007DECDE /* RSSFeedTests */ = {
			isa = PBXNativeTarget;
			buildConfigurationList = B2F188FF1A7EBCA1007DECDE /* Build configuration list for PBXNativeTarget "RSSFeedTests" */;
			buildPhases = (
				B2F188EE1A7EBCA1007DECDE /* Sources */,
				B2F188EF1A7EBCA1007DECDE /* Frameworks */,
				B2F188F01A7EBCA1007DECDE /* Resources */,
			);
			buildRules = (
			);
			dependencies = (
				B2F188F41A7EBCA1007DECDE /* PBXTargetDependency */,
			);
			name = RSSFeedTests;
			productName = RSSFeedTests;
			productReference = B2F188F21A7EBCA1007DECDE /* RSSFeedTests.xctest */;
			productType = "com.apple.product-type.bundle.unit-test";
		};
/* End PBXNativeTarget section */

/* Begin PBXProject section */
		B2F188CE1A7EBCA1007DECDE /* Project object */ = {
			isa = PBXProject;
			attributes = {
				LastUpgradeCheck = 0610;
				ORGANIZATIONNAME = jhny;
				TargetAttributes = {
					B2F188D51A7EBCA1007DECDE = {
						CreatedOnToolsVersion = 6.1.1;
					};
					B2F188F11A7EBCA1007DECDE = {
						CreatedOnToolsVersion = 6.1.1;
						TestTargetID = B2F188D51A7EBCA1007DECDE;
					};
				};
			};
			buildConfigurationList = B2F188D11A7EBCA1007DECDE /* Build configuration list for PBXProject "RSSFeed" */;
			compatibilityVersion = "Xcode 3.2";
			developmentRegion = English;
			hasScannedForEncodings = 0;
			knownRegions = (
				en,
				Base,
			);
			mainGroup = B2F188CD1A7EBCA1007DECDE;
			productRefGroup = B2F188D71A7EBCA1007DECDE /* Products */;
			projectDirPath = "";
			projectRoot = "";
			targets = (
				B2F188D51A7EBCA1007DECDE /* RSSFeed */,
				B2F188F11A7EBCA1007DECDE /* RSSFeedTests */,
			);
		};
/* End PBXProject section */

/* Begin PBXResourcesBuildPhase section */
		B2F188D41A7EBCA1007DECDE /* Resources */ = {
			isa = PBXResourcesBuildPhase;
			buildActionMask = 2147483647;
			files = (
				B2F188E81A7EBCA1007DECDE /* Main.storyboard in Resources */,
				B2F188ED1A7EBCA1007DECDE /* LaunchScreen.xib in Resources */,
				B2F188EA1A7EBCA1007DECDE /* Images.xcassets in Resources */,
			);
			runOnlyForDeploymentPostprocessing = 0;
		};
		B2F188F01A7EBCA1007DECDE /* Resources */ = {
			isa = PBXResourcesBuildPhase;
			buildActionMask = 2147483647;
			files = (
			);
			runOnlyForDeploymentPostprocessing = 0;
		};
/* End PBXResourcesBuildPhase section */

/* Begin PBXSourcesBuildPhase section */
		B2F188D21A7EBCA1007DECDE /* Sources */ = {
			isa = PBXSourcesBuildPhase;
			buildActionMask = 2147483647;
			files = (
				A73A44041A890DBA00728E3A /* Rss.m in Sources */,
				B2F189121A7EC464007DECDE /* AboutViewController.m in Sources */,
				B2F1890F1A7EC457007DECDE /* SourcesViewController.m in Sources */,
				B2F188E51A7EBCA1007DECDE /* FavoritesViewController.m in Sources */,
				A73A44071A890DF300728E3A /* Source.m in Sources */,
				A73A440B1A890EF000728E3A /* RssReader.m in Sources */,
				B2F188DF1A7EBCA1007DECDE /* AppDelegate.m in Sources */,
				B2F188E21A7EBCA1007DECDE /* FeedsViewController.m in Sources */,
				B2F188DC1A7EBCA1007DECDE /* main.m in Sources */,
			);
			runOnlyForDeploymentPostprocessing = 0;
		};
		B2F188EE1A7EBCA1007DECDE /* Sources */ = {
			isa = PBXSourcesBuildPhase;
			buildActionMask = 2147483647;
			files = (
				B2F188F91A7EBCA1007DECDE /* RSSFeedTests.m in Sources */,
				A73A440E1A89135F00728E3A /* RssReaderTests.m in Sources */,
			);
			runOnlyForDeploymentPostprocessing = 0;
		};
/* End PBXSourcesBuildPhase section */

/* Begin PBXTargetDependency section */
		B2F188F41A7EBCA1007DECDE /* PBXTargetDependency */ = {
			isa = PBXTargetDependency;
			target = B2F188D51A7EBCA1007DECDE /* RSSFeed */;
			targetProxy = B2F188F31A7EBCA1007DECDE /* PBXContainerItemProxy */;
		};
/* End PBXTargetDependency section */

/* Begin PBXVariantGroup section */
		B2F188E61A7EBCA1007DECDE /* Main.storyboard */ = {
			isa = PBXVariantGroup;
			children = (
				B2F188E71A7EBCA1007DECDE /* Base */,
			);
			name = Main.storyboard;
			sourceTree = "<group>";
		};
		B2F188EB1A7EBCA1007DECDE /* LaunchScreen.xib */ = {
			isa = PBXVariantGroup;
			children = (
				B2F188EC1A7EBCA1007DECDE /* Base */,
			);
			name = LaunchScreen.xib;
			sourceTree = "<group>";
		};
/* End PBXVariantGroup section */

/* Begin XCBuildConfiguration section */
		B2F188FA1A7EBCA1007DECDE /* Debug */ = {
			isa = XCBuildConfiguration;
			buildSettings = {
				ALWAYS_SEARCH_USER_PATHS = NO;
				CLANG_CXX_LANGUAGE_STANDARD = "gnu++0x";
				CLANG_CXX_LIBRARY = "libc++";
				CLANG_ENABLE_MODULES = YES;
				CLANG_ENABLE_OBJC_ARC = YES;
				CLANG_WARN_BOOL_CONVERSION = YES;
				CLANG_WARN_CONSTANT_CONVERSION = YES;
				CLANG_WARN_DIRECT_OBJC_ISA_USAGE = YES_ERROR;
				CLANG_WARN_EMPTY_BODY = YES;
				CLANG_WARN_ENUM_CONVERSION = YES;
				CLANG_WARN_INT_CONVERSION = YES;
				CLANG_WARN_OBJC_ROOT_CLASS = YES_ERROR;
				CLANG_WARN_UNREACHABLE_CODE = YES;
				CLANG_WARN__DUPLICATE_METHOD_MATCH = YES;
				"CODE_SIGN_IDENTITY[sdk=iphoneos*]" = "iPhone Developer";
				COPY_PHASE_STRIP = NO;
				ENABLE_STRICT_OBJC_MSGSEND = YES;
				GCC_C_LANGUAGE_STANDARD = gnu99;
				GCC_DYNAMIC_NO_PIC = NO;
				GCC_OPTIMIZATION_LEVEL = 0;
				GCC_PREPROCESSOR_DEFINITIONS = (
					"DEBUG=1",
					"$(inherited)",
				);
				GCC_SYMBOLS_PRIVATE_EXTERN = NO;
				GCC_WARN_64_TO_32_BIT_CONVERSION = YES;
				GCC_WARN_ABOUT_RETURN_TYPE = YES_ERROR;
				GCC_WARN_UNDECLARED_SELECTOR = YES;
				GCC_WARN_UNINITIALIZED_AUTOS = YES_AGGRESSIVE;
				GCC_WARN_UNUSED_FUNCTION = YES;
				GCC_WARN_UNUSED_VARIABLE = YES;
				IPHONEOS_DEPLOYMENT_TARGET = 8.1;
				MTL_ENABLE_DEBUG_INFO = YES;
				ONLY_ACTIVE_ARCH = YES;
				SDKROOT = iphoneos;
			};
			name = Debug;
		};
		B2F188FB1A7EBCA1007DECDE /* Release */ = {
			isa = XCBuildConfiguration;
			buildSettings = {
				ALWAYS_SEARCH_USER_PATHS = NO;
				CLANG_CXX_LANGUAGE_STANDARD = "gnu++0x";
				CLANG_CXX_LIBRARY = "libc++";
				CLANG_ENABLE_MODULES = YES;
				CLANG_ENABLE_OBJC_ARC = YES;
				CLANG_WARN_BOOL_CONVERSION = YES;
				CLANG_WARN_CONSTANT_CONVERSION = YES;
				CLANG_WARN_DIRECT_OBJC_ISA_USAGE = YES_ERROR;
				CLANG_WARN_EMPTY_BODY = YES;
				CLANG_WARN_ENUM_CONVERSION = YES;
				CLANG_WARN_INT_CONVERSION = YES;
				CLANG_WARN_OBJC_ROOT_CLASS = YES_ERROR;
				CLANG_WARN_UNREACHABLE_CODE = YES;
				CLANG_WARN__DUPLICATE_METHOD_MATCH = YES;
				"CODE_SIGN_IDENTITY[sdk=iphoneos*]" = "iPhone Developer";
				COPY_PHASE_STRIP = YES;
				ENABLE_NS_ASSERTIONS = NO;
				ENABLE_STRICT_OBJC_MSGSEND = YES;
				GCC_C_LANGUAGE_STANDARD = gnu99;
				GCC_WARN_64_TO_32_BIT_CONVERSION = YES;
				GCC_WARN_ABOUT_RETURN_TYPE = YES_ERROR;
				GCC_WARN_UNDECLARED_SELECTOR = YES;
				GCC_WARN_UNINITIALIZED_AUTOS = YES_AGGRESSIVE;
				GCC_WARN_UNUSED_FUNCTION = YES;
				GCC_WARN_UNUSED_VARIABLE = YES;
				IPHONEOS_DEPLOYMENT_TARGET = 8.1;
				MTL_ENABLE_DEBUG_INFO = NO;
				SDKROOT = iphoneos;
				VALIDATE_PRODUCT = YES;
			};
			name = Release;
		};
		B2F188FD1A7EBCA1007DECDE /* Debug */ = {
			isa = XCBuildConfiguration;
			buildSettings = {
				ASSETCATALOG_COMPILER_APPICON_NAME = AppIcon;
				INFOPLIST_FILE = RSSFeed/Info.plist;
				LD_RUNPATH_SEARCH_PATHS = "$(inherited) @executable_path/Frameworks";
				PRODUCT_NAME = "$(TARGET_NAME)";
			};
			name = Debug;
		};
		B2F188FE1A7EBCA1007DECDE /* Release */ = {
			isa = XCBuildConfiguration;
			buildSettings = {
				ASSETCATALOG_COMPILER_APPICON_NAME = AppIcon;
				INFOPLIST_FILE = RSSFeed/Info.plist;
				LD_RUNPATH_SEARCH_PATHS = "$(inherited) @executable_path/Frameworks";
				PRODUCT_NAME = "$(TARGET_NAME)";
			};
			name = Release;
		};
		B2F189001A7EBCA1007DECDE /* Debug */ = {
			isa = XCBuildConfiguration;
			buildSettings = {
				BUNDLE_LOADER = "$(TEST_HOST)";
				FRAMEWORK_SEARCH_PATHS = (
					"$(SDKROOT)/Developer/Library/Frameworks",
					"$(inherited)",
				);
				GCC_PREPROCESSOR_DEFINITIONS = (
					"DEBUG=1",
					"$(inherited)",
				);
				INFOPLIST_FILE = RSSFeedTests/Info.plist;
				LD_RUNPATH_SEARCH_PATHS = "$(inherited) @executable_path/Frameworks @loader_path/Frameworks";
				PRODUCT_NAME = "$(TARGET_NAME)";
				TEST_HOST = "$(BUILT_PRODUCTS_DIR)/RSSFeed.app/RSSFeed";
			};
			name = Debug;
		};
		B2F189011A7EBCA1007DECDE /* Release */ = {
			isa = XCBuildConfiguration;
			buildSettings = {
				BUNDLE_LOADER = "$(TEST_HOST)";
				FRAMEWORK_SEARCH_PATHS = (
					"$(SDKROOT)/Developer/Library/Frameworks",
					"$(inherited)",
				);
				INFOPLIST_FILE = RSSFeedTests/Info.plist;
				LD_RUNPATH_SEARCH_PATHS = "$(inherited) @executable_path/Frameworks @loader_path/Frameworks";
				PRODUCT_NAME = "$(TARGET_NAME)";
				TEST_HOST = "$(BUILT_PRODUCTS_DIR)/RSSFeed.app/RSSFeed";
			};
			name = Release;
		};
/* End XCBuildConfiguration section */

/* Begin XCConfigurationList section */
		B2F188D11A7EBCA1007DECDE /* Build configuration list for PBXProject "RSSFeed" */ = {
			isa = XCConfigurationList;
			buildConfigurations = (
				B2F188FA1A7EBCA1007DECDE /* Debug */,
				B2F188FB1A7EBCA1007DECDE /* Release */,
			);
			defaultConfigurationIsVisible = 0;
			defaultConfigurationName = Release;
		};
		B2F188FC1A7EBCA1007DECDE /* Build configuration list for PBXNativeTarget "RSSFeed" */ = {
			isa = XCConfigurationList;
			buildConfigurations = (
				B2F188FD1A7EBCA1007DECDE /* Debug */,
				B2F188FE1A7EBCA1007DECDE /* Release */,
			);
			defaultConfigurationIsVisible = 0;
			defaultConfigurationName = Release;
		};
		B2F188FF1A7EBCA1007DECDE /* Build configuration list for PBXNativeTarget "RSSFeedTests" */ = {
			isa = XCConfigurationList;
			buildConfigurations = (
				B2F189001A7EBCA1007DECDE /* Debug */,
				B2F189011A7EBCA1007DECDE /* Release */,
			);
			defaultConfigurationIsVisible = 0;
			defaultConfigurationName = Release;
		};
/* End XCConfigurationList section */
	};
	rootObject = B2F188CE1A7EBCA1007DECDE /* Project object */;
}
